
Microsoft Visual Studio Solution File, Format Version 12.00
# Visual Studio 2012
VisualStudioVersion = 12.0.30723.0
MinimumVisualStudioVersion = 10.0.40219.1
Project("{FAE04EC0-301F-11D3-BF4B-00C04F79EFBC}") = "Omise.Net", "Omise.Net\Omise.Net.csproj", "{75BC4F64-AEC4-43C8-9546-47830FFF25BA}"
EndProject
Project("{FAE04EC0-301F-11D3-BF4B-00C04F79EFBC}") = "Omise.Net.NUnit.Test", "Omise.Net.NUnit.Test\Omise.Net.NUnit.Test.csproj", "{832C2AEE-7DD7-46F6-B89B-9B222C33E00E}"
EndProject
Global
	GlobalSection(SolutionConfigurationPlatforms) = preSolution
		Debug|Any CPU = Debug|Any CPU
		Release|Any CPU = Release|Any CPU
	EndGlobalSection
	GlobalSection(ProjectConfigurationPlatforms) = postSolution
		{75BC4F64-AEC4-43C8-9546-47830FFF25BA}.Debug|Any CPU.ActiveCfg = Debug|Any CPU
		{75BC4F64-AEC4-43C8-9546-47830FFF25BA}.Debug|Any CPU.Build.0 = Debug|Any CPU
		{75BC4F64-AEC4-43C8-9546-47830FFF25BA}.Release|Any CPU.ActiveCfg = Release|Any CPU
		{75BC4F64-AEC4-43C8-9546-47830FFF25BA}.Release|Any CPU.Build.0 = Release|Any CPU
		{832C2AEE-7DD7-46F6-B89B-9B222C33E00E}.Debug|Any CPU.ActiveCfg = Debug|Any CPU
		{832C2AEE-7DD7-46F6-B89B-9B222C33E00E}.Debug|Any CPU.Build.0 = Debug|Any CPU
		{832C2AEE-7DD7-46F6-B89B-9B222C33E00E}.Release|Any CPU.ActiveCfg = Release|Any CPU
		{832C2AEE-7DD7-46F6-B89B-9B222C33E00E}.Release|Any CPU.Build.0 = Release|Any CPU
	EndGlobalSection
	GlobalSection(MonoDevelopProperties) = preSolution
		StartupItem = Omise.Net\Omise.Net.csproj
		Policies = $0
		$0.TextStylePolicy = $1
		$1.EolMarker = Windows
		$1.inheritsSet = VisualStudio
		$1.inheritsScope = text/plain
		$1.scope = text/x-csharp
		$0.CSharpFormattingPolicy = $2
		$2.IndentSwitchBody = True
		$2.IndentBlocksInsideExpressions = True
		$2.AnonymousMethodBraceStyle = NextLine
		$2.PropertyBraceStyle = NextLine
		$2.PropertyGetBraceStyle = NextLine
		$2.PropertySetBraceStyle = NextLine
		$2.EventBraceStyle = NextLine
		$2.EventAddBraceStyle = NextLine
		$2.EventRemoveBraceStyle = NextLine
		$2.StatementBraceStyle = NextLine
		$2.ElseNewLinePlacement = NewLine
		$2.CatchNewLinePlacement = NewLine
		$2.FinallyNewLinePlacement = NewLine
		$2.WhileNewLinePlacement = DoNotCare
		$2.ArrayInitializerWrapping = DoNotChange
		$2.ArrayInitializerBraceStyle = NextLine
		$2.BeforeMethodDeclarationParentheses = False
		$2.BeforeMethodCallParentheses = False
		$2.BeforeConstructorDeclarationParentheses = False
		$2.NewLineBeforeConstructorInitializerColon = NewLine
		$2.NewLineAfterConstructorInitializerColon = SameLine
		$2.BeforeDelegateDeclarationParentheses = False
		$2.NewParentheses = False
		$2.SpacesBeforeBrackets = False
		$2.inheritsSet = Mono
		$2.inheritsScope = text/x-csharp
		$2.scope = text/x-csharp
	EndGlobalSection
	GlobalSection(SolutionProperties) = preSolution
		HideSolutionNode = FALSE
	EndGlobalSection
EndGlobal
