
Microsoft Visual Studio Solution File, Format Version 12.00
# Visual Studio 2012
Project("{FAE04EC0-301F-11D3-BF4B-00C04F79EFBC}") = "Omise", "Omise\Omise.csproj", "{E8AB6A3F-B9F8-4C60-A5CF-3102EBF52588}"
EndProject
Project("{FAE04EC0-301F-11D3-BF4B-00C04F79EFBC}") = "Omise.Tests", "Omise.Tests\Omise.Tests.csproj", "{7F8F6A17-9038-4AB4-B90B-D6332434EF67}"
EndProject
Global
	GlobalSection(SolutionConfigurationPlatforms) = preSolution
		Debug|Any CPU = Debug|Any CPU
		Release|Any CPU = Release|Any CPU
	EndGlobalSection
	GlobalSection(ProjectConfigurationPlatforms) = postSolution
		{E8AB6A3F-B9F8-4C60-A5CF-3102EBF52588}.Debug|Any CPU.ActiveCfg = Debug|Any CPU
		{E8AB6A3F-B9F8-4C60-A5CF-3102EBF52588}.Debug|Any CPU.Build.0 = Debug|Any CPU
		{E8AB6A3F-B9F8-4C60-A5CF-3102EBF52588}.Release|Any CPU.ActiveCfg = Release|Any CPU
		{E8AB6A3F-B9F8-4C60-A5CF-3102EBF52588}.Release|Any CPU.Build.0 = Release|Any CPU
		{7F8F6A17-9038-4AB4-B90B-D6332434EF67}.Debug|Any CPU.ActiveCfg = Debug|Any CPU
		{7F8F6A17-9038-4AB4-B90B-D6332434EF67}.Debug|Any CPU.Build.0 = Debug|Any CPU
		{7F8F6A17-9038-4AB4-B90B-D6332434EF67}.Release|Any CPU.ActiveCfg = Release|Any CPU
		{7F8F6A17-9038-4AB4-B90B-D6332434EF67}.Release|Any CPU.Build.0 = Release|Any CPU
	EndGlobalSection
EndGlobal
