
Microsoft Visual Studio Solution File, Format Version 12.00
# Visual Studio 2012
Project("{FAE04EC0-301F-11D3-BF4B-00C04F79EFBC}") = "Omise", "Omise\Omise.csproj", "{48E844EB-9071-46A5-BD12-548CD45B008C}"
EndProject
Project("{FAE04EC0-301F-11D3-BF4B-00C04F79EFBC}") = "Omise.Tests", "Omise.Tests\Omise.Tests.csproj", "{511562A1-F80E-4DB0-ACB1-29A1BA43BA33}"
EndProject
Project("{FAE04EC0-301F-11D3-BF4B-00C04F79EFBC}") = "Omise.Example", "Omise.Example\Omise.Example.csproj", "{E019488F-B710-4B1F-9865-E7C9F65C9057}"
EndProject
Global
	GlobalSection(SolutionConfigurationPlatforms) = preSolution
		Debug|Any CPU = Debug|Any CPU
		Release|Any CPU = Release|Any CPU
	EndGlobalSection
	GlobalSection(ProjectConfigurationPlatforms) = postSolution
		{48E844EB-9071-46A5-BD12-548CD45B008C}.Debug|Any CPU.ActiveCfg = Debug|Any CPU
		{48E844EB-9071-46A5-BD12-548CD45B008C}.Debug|Any CPU.Build.0 = Debug|Any CPU
		{48E844EB-9071-46A5-BD12-548CD45B008C}.Release|Any CPU.ActiveCfg = Release|Any CPU
		{48E844EB-9071-46A5-BD12-548CD45B008C}.Release|Any CPU.Build.0 = Release|Any CPU
		{511562A1-F80E-4DB0-ACB1-29A1BA43BA33}.Debug|Any CPU.ActiveCfg = Debug|Any CPU
		{511562A1-F80E-4DB0-ACB1-29A1BA43BA33}.Debug|Any CPU.Build.0 = Debug|Any CPU
		{511562A1-F80E-4DB0-ACB1-29A1BA43BA33}.Release|Any CPU.ActiveCfg = Release|Any CPU
		{511562A1-F80E-4DB0-ACB1-29A1BA43BA33}.Release|Any CPU.Build.0 = Release|Any CPU
		{E019488F-B710-4B1F-9865-E7C9F65C9057}.Debug|Any CPU.ActiveCfg = Debug|Any CPU
		{E019488F-B710-4B1F-9865-E7C9F65C9057}.Debug|Any CPU.Build.0 = Debug|Any CPU
		{E019488F-B710-4B1F-9865-E7C9F65C9057}.Release|Any CPU.ActiveCfg = Release|Any CPU
		{E019488F-B710-4B1F-9865-E7C9F65C9057}.Release|Any CPU.Build.0 = Release|Any CPU
	EndGlobalSection
	GlobalSection(MonoDevelopProperties) = preSolution
		Policies = $0
		$0.DotNetNamingPolicy = $1
		$1.DirectoryNamespaceAssociation = PrefixedFlat
		$1.ResourceNamePolicy = FileFormatDefault
		$0.TextStylePolicy = $2
		$2.FileWidth = 100
		$2.EolMarker = Windows
		$2.inheritsSet = VisualStudio
		$2.inheritsScope = text/plain
		$2.scope = text/x-csharp
		$0.CSharpFormattingPolicy = $3
		$3.IndentSwitchBody = True
		$3.IndentBlocksInsideExpressions = True
		$3.NamespaceBraceStyle = EndOfLine
		$3.ClassBraceStyle = EndOfLine
		$3.InterfaceBraceStyle = EndOfLine
		$3.StructBraceStyle = EndOfLine
		$3.EnumBraceStyle = EndOfLine
		$3.MethodBraceStyle = EndOfLine
		$3.ConstructorBraceStyle = EndOfLine
		$3.DestructorBraceStyle = EndOfLine
		$3.EmbeddedStatementPlacement = DoNotCare
		$3.ArrayInitializerWrapping = DoNotChange
		$3.ArrayInitializerBraceStyle = NextLine
		$3.BeforeMethodDeclarationParentheses = False
		$3.BeforeMethodCallParentheses = False
		$3.BeforeConstructorDeclarationParentheses = False
		$3.NewLineAfterConstructorInitializerColon = SameLine
		$3.BeforeIndexerDeclarationBracket = False
		$3.BeforeDelegateDeclarationParentheses = False
		$3.NewParentheses = False
		$3.SpacesBeforeBrackets = False
		$3.BlankLinesBetweenMembers = 0
		$3.MethodDeclarationParameterWrapping = WrapIfTooLong
		$3.AlignToFirstMethodDeclarationParameter = False
		$3.IndexerDeclarationParameterWrapping = WrapIfTooLong
		$3.AlignToFirstIndexerDeclarationParameter = False
		$3.inheritsSet = Mono
		$3.inheritsScope = text/x-csharp
		$3.scope = text/x-csharp
		$3.IndentSwitchSection = True
		$3.NewLinesForBracesInTypes = False
		$3.NewLinesForBracesInMethods = False
		$3.NewLineForElse = True
		$3.NewLineForCatch = True
		$3.NewLineForFinally = True
		$3.NewLineForMembersInObjectInit = True
		$3.NewLineForMembersInAnonymousTypes = True
		$3.NewLineForClausesInQuery = True
		$3.SpacingAfterMethodDeclarationName = False
		$3.SpaceAfterMethodCallName = False
		$3.SpaceBeforeOpenSquareBracket = False
		$0.TextStylePolicy = $4
		$4.FileWidth = 90
		$4.inheritsSet = VisualStudio
		$4.inheritsScope = text/plain
		$4.scope = text/plain
		$0.TextStylePolicy = $5
		$5.inheritsSet = null
		$5.scope = application/config+xml
		$0.XmlFormattingPolicy = $6
		$6.inheritsSet = Mono
		$6.scope = application/xml
		$6.inheritsScope = application/xml
		$0.TextStylePolicy = $7
		$7.inheritsSet = null
		$7.scope = application/xml
		$0.XmlFormattingPolicy = $8
		$8.inheritsSet = Mono
		$8.inheritsScope = application/xml
		$8.scope = application/xml
	EndGlobalSection
EndGlobal
